
Microsoft Visual Studio Solution File, Format Version 12.00
# Visual Studio Version 17
VisualStudioVersion = 17.9.34701.34
MinimumVisualStudioVersion = 10.0.40219.1
Project("{9A19103F-16F7-4668-BE54-9A1E7A4F7556}") = "goboosting-afk", "goboosting-afk.csproj", "{47E068A4-E935-41CD-A3C4-148688337AD0}"
EndProject
Global
	GlobalSection(SolutionConfigurationPlatforms) = preSolution
		Debug|Any CPU = Debug|Any CPU
		Release|Any CPU = Release|Any CPU
	EndGlobalSection
	GlobalSection(ProjectConfigurationPlatforms) = postSolution
		{47E068A4-E935-41CD-A3C4-148688337AD0}.Debug|Any CPU.ActiveCfg = Debug|Any CPU
		{47E068A4-E935-41CD-A3C4-148688337AD0}.Debug|Any CPU.Build.0 = Debug|Any CPU
		{47E068A4-E935-41CD-A3C4-148688337AD0}.Release|Any CPU.ActiveCfg = Release|Any CPU
		{47E068A4-E935-41CD-A3C4-148688337AD0}.Release|Any CPU.Build.0 = Release|Any CPU
	EndGlobalSection
	GlobalSection(SolutionProperties) = preSolution
		HideSolutionNode = FALSE
	EndGlobalSection
	GlobalSection(ExtensibilityGlobals) = postSolution
		SolutionGuid = {58BC87CE-8443-4670-BE33-6E22F7E98CB7}
	EndGlobalSection
EndGlobal
